// !$*UTF8*$!
{
	archiveVersion = 1;
	classes = {
	};
	objectVersion = 50;
	objects = {

/* Begin PBXBuildFile section */
		F2095586226341D000FF9224 /* AppDelegate.swift in Sources */ = {isa = PBXBuildFile; fileRef = F2095585226341D000FF9224 /* AppDelegate.swift */; };
		F2095588226341D000FF9224 /* ColorPresenterVC.swift in Sources */ = {isa = PBXBuildFile; fileRef = F2095587226341D000FF9224 /* ColorPresenterVC.swift */; };
		F209558B226341D000FF9224 /* Main.storyboard in Resources */ = {isa = PBXBuildFile; fileRef = F2095589226341D000FF9224 /* Main.storyboard */; };
		F209558D226341D400FF9224 /* Assets.xcassets in Resources */ = {isa = PBXBuildFile; fileRef = F209558C226341D400FF9224 /* Assets.xcassets */; };
		F2095590226341D400FF9224 /* LaunchScreen.storyboard in Resources */ = {isa = PBXBuildFile; fileRef = F209558E226341D400FF9224 /* LaunchScreen.storyboard */; };
		F209559822634ED700FF9224 /* ColorPickerVC.swift in Sources */ = {isa = PBXBuildFile; fileRef = F209559722634ED700FF9224 /* ColorPickerVC.swift */; };
		F209559A2263559900FF9224 /* ColorTransferDelegate.swift in Sources */ = {isa = PBXBuildFile; fileRef = F20955992263559900FF9224 /* ColorTransferDelegate.swift */; };
/* End PBXBuildFile section */

/* Begin PBXFileReference section */
		F2095582226341D000FF9224 /* color change.app */ = {isa = PBXFileReference; explicitFileType = wrapper.application; includeInIndex = 0; path = "color change.app"; sourceTree = BUILT_PRODUCTS_DIR; };
		F2095585226341D000FF9224 /* AppDelegate.swift */ = {isa = PBXFileReference; lastKnownFileType = sourcecode.swift; path = AppDelegate.swift; sourceTree = "<group>"; };
		F2095587226341D000FF9224 /* ColorPresenterVC.swift */ = {isa = PBXFileReference; lastKnownFileType = sourcecode.swift; path = ColorPresenterVC.swift; sourceTree = "<group>"; };
		F209558A226341D000FF9224 /* Base */ = {isa = PBXFileReference; lastKnownFileType = file.storyboard; name = Base; path = Base.lproj/Main.storyboard; sourceTree = "<group>"; };
		F209558C226341D400FF9224 /* Assets.xcassets */ = {isa = PBXFileReference; lastKnownFileType = folder.assetcatalog; path = Assets.xcassets; sourceTree = "<group>"; };
		F209558F226341D400FF9224 /* Base */ = {isa = PBXFileReference; lastKnownFileType = file.storyboard; name = Base; path = Base.lproj/LaunchScreen.storyboard; sourceTree = "<group>"; };
		F2095591226341D400FF9224 /* Info.plist */ = {isa = PBXFileReference; lastKnownFileType = text.plist.xml; path = Info.plist; sourceTree = "<group>"; };
		F209559722634ED700FF9224 /* ColorPickerVC.swift */ = {isa = PBXFileReference; lastKnownFileType = sourcecode.swift; path = ColorPickerVC.swift; sourceTree = SOURCE_ROOT; };
		F20955992263559900FF9224 /* ColorTransferDelegate.swift */ = {isa = PBXFileReference; lastKnownFileType = sourcecode.swift; path = ColorTransferDelegate.swift; sourceTree = "<group>"; };
/* End PBXFileReference section */

/* Begin PBXFrameworksBuildPhase section */
		F209557F226341D000FF9224 /* Frameworks */ = {
			isa = PBXFrameworksBuildPhase;
			buildActionMask = 2147483647;
			files = (
			);
			runOnlyForDeploymentPostprocessing = 0;
		};
/* End PBXFrameworksBuildPhase section */

/* Begin PBXGroup section */
		F2095579226341D000FF9224 = {
			isa = PBXGroup;
			children = (
				F2095584226341D000FF9224 /* color change */,
				F2095583226341D000FF9224 /* Products */,
			);
			sourceTree = "<group>";
		};
		F2095583226341D000FF9224 /* Products */ = {
			isa = PBXGroup;
			children = (
				F2095582226341D000FF9224 /* color change.app */,
			);
			name = Products;
			sourceTree = "<group>";
		};
		F2095584226341D000FF9224 /* color change */ = {
			isa = PBXGroup;
			children = (
				F2095585226341D000FF9224 /* AppDelegate.swift */,
				F2095587226341D000FF9224 /* ColorPresenterVC.swift */,
				F2095589226341D000FF9224 /* Main.storyboard */,
				F209558C226341D400FF9224 /* Assets.xcassets */,
				F209558E226341D400FF9224 /* LaunchScreen.storyboard */,
				F2095591226341D400FF9224 /* Info.plist */,
				F209559722634ED700FF9224 /* ColorPickerVC.swift */,
				F20955992263559900FF9224 /* ColorTransferDelegate.swift */,
			);
			path = "color change";
			sourceTree = "<group>";
		};
/* End PBXGroup section */

/* Begin PBXNativeTarget section */
		F2095581226341D000FF9224 /* color change */ = {
			isa = PBXNativeTarget;
			buildConfigurationList = F2095594226341D400FF9224 /* Build configuration list for PBXNativeTarget "color change" */;
			buildPhases = (
				F209557E226341D000FF9224 /* Sources */,
				F209557F226341D000FF9224 /* Frameworks */,
				F2095580226341D000FF9224 /* Resources */,
			);
			buildRules = (
			);
			dependencies = (
			);
			name = "color change";
			productName = "color change";
			productReference = F2095582226341D000FF9224 /* color change.app */;
			productType = "com.apple.product-type.application";
		};
/* End PBXNativeTarget section */

/* Begin PBXProject section */
		F209557A226341D000FF9224 /* Project object */ = {
			isa = PBXProject;
			attributes = {
				LastSwiftUpdateCheck = 1010;
				LastUpgradeCheck = 1010;
				ORGANIZATIONNAME = "Вовк Ольга'";
				TargetAttributes = {
					F2095581226341D000FF9224 = {
						CreatedOnToolsVersion = 10.1;
					};
				};
			};
			buildConfigurationList = F209557D226341D000FF9224 /* Build configuration list for PBXProject "color change" */;
			compatibilityVersion = "Xcode 9.3";
			developmentRegion = en;
			hasScannedForEncodings = 0;
			knownRegions = (
				en,
				Base,
			);
			mainGroup = F2095579226341D000FF9224;
			productRefGroup = F2095583226341D000FF9224 /* Products */;
			projectDirPath = "";
			projectRoot = "";
			targets = (
				F2095581226341D000FF9224 /* color change */,
			);
		};
/* End PBXProject section */

/* Begin PBXResourcesBuildPhase section */
		F2095580226341D000FF9224 /* Resources */ = {
			isa = PBXResourcesBuildPhase;
			buildActionMask = 2147483647;
			files = (
				F2095590226341D400FF9224 /* LaunchScreen.storyboard in Resources */,
				F209558D226341D400FF9224 /* Assets.xcassets in Resources */,
				F209558B226341D000FF9224 /* Main.storyboard in Resources */,
			);
			runOnlyForDeploymentPostprocessing = 0;
		};
/* End PBXResourcesBuildPhase section */

/* Begin PBXSourcesBuildPhase section */
		F209557E226341D000FF9224 /* Sources */ = {
			isa = PBXSourcesBuildPhase;
			buildActionMask = 2147483647;
			files = (
				F2095588226341D000FF9224 /* ColorPresenterVC.swift in Sources */,
				F209559A2263559900FF9224 /* ColorTransferDelegate.swift in Sources */,
				F209559822634ED700FF9224 /* ColorPickerVC.swift in Sources */,
				F2095586226341D000FF9224 /* AppDelegate.swift in Sources */,
			);
			runOnlyForDeploymentPostprocessing = 0;
		};
/* End PBXSourcesBuildPhase section */

/* Begin PBXVariantGroup section */
		F2095589226341D000FF9224 /* Main.storyboard */ = {
			isa = PBXVariantGroup;
			children = (
				F209558A226341D000FF9224 /* Base */,
			);
			name = Main.storyboard;
			sourceTree = "<group>";
		};
		F209558E226341D400FF9224 /* LaunchScreen.storyboard */ = {
			isa = PBXVariantGroup;
			children = (
				F209558F226341D400FF9224 /* Base */,
			);
			name = LaunchScreen.storyboard;
			sourceTree = "<group>";
		};
/* End PBXVariantGroup section */

/* Begin XCBuildConfiguration section */
		F2095592226341D400FF9224 /* Debug */ = {
			isa = XCBuildConfiguration;
			buildSettings = {
				ALWAYS_SEARCH_USER_PATHS = NO;
				CLANG_ANALYZER_NONNULL = YES;
				CLANG_ANALYZER_NUMBER_OBJECT_CONVERSION = YES_AGGRESSIVE;
				CLANG_CXX_LANGUAGE_STANDARD = "gnu++14";
				CLANG_CXX_LIBRARY = "libc++";
				CLANG_ENABLE_MODULES = YES;
				CLANG_ENABLE_OBJC_ARC = YES;
				CLANG_ENABLE_OBJC_WEAK = YES;
				CLANG_WARN_BLOCK_CAPTURE_AUTORELEASING = YES;
				CLANG_WARN_BOOL_CONVERSION = YES;
				CLANG_WARN_COMMA = YES;
				CLANG_WARN_CONSTANT_CONVERSION = YES;
				CLANG_WARN_DEPRECATED_OBJC_IMPLEMENTATIONS = YES;
				CLANG_WARN_DIRECT_OBJC_ISA_USAGE = YES_ERROR;
				CLANG_WARN_DOCUMENTATION_COMMENTS = YES;
				CLANG_WARN_EMPTY_BODY = YES;
				CLANG_WARN_ENUM_CONVERSION = YES;
				CLANG_WARN_INFINITE_RECURSION = YES;
				CLANG_WARN_INT_CONVERSION = YES;
				CLANG_WARN_NON_LITERAL_NULL_CONVERSION = YES;
				CLANG_WARN_OBJC_IMPLICIT_RETAIN_SELF = YES;
				CLANG_WARN_OBJC_LITERAL_CONVERSION = YES;
				CLANG_WARN_OBJC_ROOT_CLASS = YES_ERROR;
				CLANG_WARN_RANGE_LOOP_ANALYSIS = YES;
				CLANG_WARN_STRICT_PROTOTYPES = YES;
				CLANG_WARN_SUSPICIOUS_MOVE = YES;
				CLANG_WARN_UNGUARDED_AVAILABILITY = YES_AGGRESSIVE;
				CLANG_WARN_UNREACHABLE_CODE = YES;
				CLANG_WARN__DUPLICATE_METHOD_MATCH = YES;
				CODE_SIGN_IDENTITY = "iPhone Developer";
				COPY_PHASE_STRIP = NO;
				DEBUG_INFORMATION_FORMAT = dwarf;
				ENABLE_STRICT_OBJC_MSGSEND = YES;
				ENABLE_TESTABILITY = YES;
				GCC_C_LANGUAGE_STANDARD = gnu11;
				GCC_DYNAMIC_NO_PIC = NO;
				GCC_NO_COMMON_BLOCKS = YES;
				GCC_OPTIMIZATION_LEVEL = 0;
				GCC_PREPROCESSOR_DEFINITIONS = (
					"DEBUG=1",
					"$(inherited)",
				);
				GCC_WARN_64_TO_32_BIT_CONVERSION = YES;
				GCC_WARN_ABOUT_RETURN_TYPE = YES_ERROR;
				GCC_WARN_UNDECLARED_SELECTOR = YES;
				GCC_WARN_UNINITIALIZED_AUTOS = YES_AGGRESSIVE;
				GCC_WARN_UNUSED_FUNCTION = YES;
				GCC_WARN_UNUSED_VARIABLE = YES;
				IPHONEOS_DEPLOYMENT_TARGET = 12.1;
				MTL_ENABLE_DEBUG_INFO = INCLUDE_SOURCE;
				MTL_FAST_MATH = YES;
				ONLY_ACTIVE_ARCH = YES;
				SDKROOT = iphoneos;
				SWIFT_ACTIVE_COMPILATION_CONDITIONS = DEBUG;
				SWIFT_OPTIMIZATION_LEVEL = "-Onone";
			};
			name = Debug;
		};
		F2095593226341D400FF9224 /* Release */ = {
			isa = XCBuildConfiguration;
			buildSettings = {
				ALWAYS_SEARCH_USER_PATHS = NO;
				CLANG_ANALYZER_NONNULL = YES;
				CLANG_ANALYZER_NUMBER_OBJECT_CONVERSION = YES_AGGRESSIVE;
				CLANG_CXX_LANGUAGE_STANDARD = "gnu++14";
				CLANG_CXX_LIBRARY = "libc++";
				CLANG_ENABLE_MODULES = YES;
				CLANG_ENABLE_OBJC_ARC = YES;
				CLANG_ENABLE_OBJC_WEAK = YES;
				CLANG_WARN_BLOCK_CAPTURE_AUTORELEASING = YES;
				CLANG_WARN_BOOL_CONVERSION = YES;
				CLANG_WARN_COMMA = YES;
				CLANG_WARN_CONSTANT_CONVERSION = YES;
				CLANG_WARN_DEPRECATED_OBJC_IMPLEMENTATIONS = YES;
				CLANG_WARN_DIRECT_OBJC_ISA_USAGE = YES_ERROR;
				CLANG_WARN_DOCUMENTATION_COMMENTS = YES;
				CLANG_WARN_EMPTY_BODY = YES;
				CLANG_WARN_ENUM_CONVERSION = YES;
				CLANG_WARN_INFINITE_RECURSION = YES;
				CLANG_WARN_INT_CONVERSION = YES;
				CLANG_WARN_NON_LITERAL_NULL_CONVERSION = YES;
				CLANG_WARN_OBJC_IMPLICIT_RETAIN_SELF = YES;
				CLANG_WARN_OBJC_LITERAL_CONVERSION = YES;
				CLANG_WARN_OBJC_ROOT_CLASS = YES_ERROR;
				CLANG_WARN_RANGE_LOOP_ANALYSIS = YES;
				CLANG_WARN_STRICT_PROTOTYPES = YES;
				CLANG_WARN_SUSPICIOUS_MOVE = YES;
				CLANG_WARN_UNGUARDED_AVAILABILITY = YES_AGGRESSIVE;
				CLANG_WARN_UNREACHABLE_CODE = YES;
				CLANG_WARN__DUPLICATE_METHOD_MATCH = YES;
				CODE_SIGN_IDENTITY = "iPhone Developer";
				COPY_PHASE_STRIP = NO;
				DEBUG_INFORMATION_FORMAT = "dwarf-with-dsym";
				ENABLE_NS_ASSERTIONS = NO;
				ENABLE_STRICT_OBJC_MSGSEND = YES;
				GCC_C_LANGUAGE_STANDARD = gnu11;
				GCC_NO_COMMON_BLOCKS = YES;
				GCC_WARN_64_TO_32_BIT_CONVERSION = YES;
				GCC_WARN_ABOUT_RETURN_TYPE = YES_ERROR;
				GCC_WARN_UNDECLARED_SELECTOR = YES;
				GCC_WARN_UNINITIALIZED_AUTOS = YES_AGGRESSIVE;
				GCC_WARN_UNUSED_FUNCTION = YES;
				GCC_WARN_UNUSED_VARIABLE = YES;
				IPHONEOS_DEPLOYMENT_TARGET = 12.1;
				MTL_ENABLE_DEBUG_INFO = NO;
				MTL_FAST_MATH = YES;
				SDKROOT = iphoneos;
				SWIFT_COMPILATION_MODE = wholemodule;
				SWIFT_OPTIMIZATION_LEVEL = "-O";
				VALIDATE_PRODUCT = YES;
			};
			name = Release;
		};
		F2095595226341D400FF9224 /* Debug */ = {
			isa = XCBuildConfiguration;
			buildSettings = {
				ASSETCATALOG_COMPILER_APPICON_NAME = AppIcon;
				CODE_SIGN_STYLE = Automatic;
				DEVELOPMENT_TEAM = 9WU55MK2SW;
				INFOPLIST_FILE = "color change/Info.plist";
				IPHONEOS_DEPLOYMENT_TARGET = 11.0;
				LD_RUNPATH_SEARCH_PATHS = (
					"$(inherited)",
					"@executable_path/Frameworks",
				);
				PRODUCT_BUNDLE_IDENTIFIER = "com.my.project.color-change";
				PRODUCT_NAME = "$(TARGET_NAME)";
				SWIFT_VERSION = 4.2;
				TARGETED_DEVICE_FAMILY = "1,2";
			};
			name = Debug;
		};
		F2095596226341D400FF9224 /* Release */ = {
			isa = XCBuildConfiguration;
			buildSettings = {
				ASSETCATALOG_COMPILER_APPICON_NAME = AppIcon;
				CODE_SIGN_STYLE = Automatic;
				DEVELOPMENT_TEAM = 9WU55MK2SW;
				INFOPLIST_FILE = "color change/Info.plist";
				IPHONEOS_DEPLOYMENT_TARGET = 11.0;
				LD_RUNPATH_SEARCH_PATHS = (
					"$(inherited)",
					"@executable_path/Frameworks",
				);
				PRODUCT_BUNDLE_IDENTIFIER = "com.my.project.color-change";
				PRODUCT_NAME = "$(TARGET_NAME)";
				SWIFT_VERSION = 4.2;
				TARGETED_DEVICE_FAMILY = "1,2";
			};
			name = Release;
		};
/* End XCBuildConfiguration section */

/* Begin XCConfigurationList section */
		F209557D226341D000FF9224 /* Build configuration list for PBXProject "color change" */ = {
			isa = XCConfigurationList;
			buildConfigurations = (
				F2095592226341D400FF9224 /* Debug */,
				F2095593226341D400FF9224 /* Release */,
			);
			defaultConfigurationIsVisible = 0;
			defaultConfigurationName = Release;
		};
		F2095594226341D400FF9224 /* Build configuration list for PBXNativeTarget "color change" */ = {
			isa = XCConfigurationList;
			buildConfigurations = (
				F2095595226341D400FF9224 /* Debug */,
				F2095596226341D400FF9224 /* Release */,
			);
			defaultConfigurationIsVisible = 0;
			defaultConfigurationName = Release;
		};
/* End XCConfigurationList section */
	};
	rootObject = F209557A226341D000FF9224 /* Project object */;
}
